
Microsoft Visual Studio Solution File, Format Version 12.00
# Visual Studio Version 17
VisualStudioVersion = 17.11.35219.272
MinimumVisualStudioVersion = 10.0.40219.1
Project("{9A19103F-16F7-4668-BE54-9A1E7A4F7556}") = "eAgenda.WinApp", "eAgenda.WinApp\eAgenda.WinApp.csproj", "{B4AC328C-49DD-4F57-80CB-3EBEBC10D83A}"
EndProject
Global
	GlobalSection(SolutionConfigurationPlatforms) = preSolution
		Debug|Any CPU = Debug|Any CPU
		Release|Any CPU = Release|Any CPU
	EndGlobalSection
	GlobalSection(ProjectConfigurationPlatforms) = postSolution
		{B4AC328C-49DD-4F57-80CB-3EBEBC10D83A}.Debug|Any CPU.ActiveCfg = Debug|Any CPU
		{B4AC328C-49DD-4F57-80CB-3EBEBC10D83A}.Debug|Any CPU.Build.0 = Debug|Any CPU
		{B4AC328C-49DD-4F57-80CB-3EBEBC10D83A}.Release|Any CPU.ActiveCfg = Release|Any CPU
		{B4AC328C-49DD-4F57-80CB-3EBEBC10D83A}.Release|Any CPU.Build.0 = Release|Any CPU
	EndGlobalSection
	GlobalSection(SolutionProperties) = preSolution
		HideSolutionNode = FALSE
	EndGlobalSection
	GlobalSection(ExtensibilityGlobals) = postSolution
		SolutionGuid = {EE00387D-C967-4D2C-B40C-FEF91C13B743}
	EndGlobalSection
EndGlobal
